
Microsoft Visual Studio Solution File, Format Version 12.00
# Visual Studio Version 17
VisualStudioVersion = 17.5.33414.496
MinimumVisualStudioVersion = 10.0.40219.1
Project("{FAE04EC0-301F-11D3-BF4B-00C04F79EFBC}") = "ShopNuocOnline", "ShopNuocOnline\ShopNuocOnline.csproj", "{57C04C5E-82F1-4E04-A70A-B4620B009166}"
EndProject
Global
	GlobalSection(SolutionConfigurationPlatforms) = preSolution
		Debug|Any CPU = Debug|Any CPU
		Release|Any CPU = Release|Any CPU
	EndGlobalSection
	GlobalSection(ProjectConfigurationPlatforms) = postSolution
		{57C04C5E-82F1-4E04-A70A-B4620B009166}.Debug|Any CPU.ActiveCfg = Debug|Any CPU
		{57C04C5E-82F1-4E04-A70A-B4620B009166}.Debug|Any CPU.Build.0 = Debug|Any CPU
		{57C04C5E-82F1-4E04-A70A-B4620B009166}.Release|Any CPU.ActiveCfg = Release|Any CPU
		{57C04C5E-82F1-4E04-A70A-B4620B009166}.Release|Any CPU.Build.0 = Release|Any CPU
	EndGlobalSection
	GlobalSection(SolutionProperties) = preSolution
		HideSolutionNode = FALSE
	EndGlobalSection
	GlobalSection(ExtensibilityGlobals) = postSolution
		SolutionGuid = {66BE1874-FBD5-47D3-B5D2-69CB3F088237}
	EndGlobalSection
EndGlobal
